
Microsoft Visual Studio Solution File, Format Version 10.00
# Visual Studio 2008
Project("{FAE04EC0-301F-11D3-BF4B-00C04F79EFBC}") = "CSharpDemo", "CSharpDemo\CSharpDemo.csproj", "{6A1BFAA0-3DF2-4303-80E2-066CE0E5A241}"
EndProject
Global
	GlobalSection(SolutionConfigurationPlatforms) = preSolution
		Debug|Any CPU = Debug|Any CPU
		Release|Any CPU = Release|Any CPU
	EndGlobalSection
	GlobalSection(ProjectConfigurationPlatforms) = postSolution
		{6A1BFAA0-3DF2-4303-80E2-066CE0E5A241}.Debug|Any CPU.ActiveCfg = Debug|Any CPU
		{6A1BFAA0-3DF2-4303-80E2-066CE0E5A241}.Debug|Any CPU.Build.0 = Debug|Any CPU
		{6A1BFAA0-3DF2-4303-80E2-066CE0E5A241}.Release|Any CPU.ActiveCfg = Release|Any CPU
		{6A1BFAA0-3DF2-4303-80E2-066CE0E5A241}.Release|Any CPU.Build.0 = Release|Any CPU
	EndGlobalSection
	GlobalSection(SolutionProperties) = preSolution
		HideSolutionNode = FALSE
	EndGlobalSection
EndGlobal
